// !$*UTF8*$!
{
	archiveVersion = 1;
	classes = {
	};
	objectVersion = 50;
	objects = {

/* Begin PBXBuildFile section */
		4D45DCFC22DE4C3A00EF77C9 /* AppDelegate.swift in Sources */ = {isa = PBXBuildFile; fileRef = 4D45DCFB22DE4C3A00EF77C9 /* AppDelegate.swift */; };
		4D45DCFE22DE4C3A00EF77C9 /* ViewController.swift in Sources */ = {isa = PBXBuildFile; fileRef = 4D45DCFD22DE4C3A00EF77C9 /* ViewController.swift */; };
		4D45DD0122DE4C3A00EF77C9 /* Main.storyboard in Resources */ = {isa = PBXBuildFile; fileRef = 4D45DCFF22DE4C3A00EF77C9 /* Main.storyboard */; };
		4D45DD0322DE4C3B00EF77C9 /* Assets.xcassets in Resources */ = {isa = PBXBuildFile; fileRef = 4D45DD0222DE4C3B00EF77C9 /* Assets.xcassets */; };
		4D45DD0622DE4C3B00EF77C9 /* LaunchScreen.storyboard in Resources */ = {isa = PBXBuildFile; fileRef = 4D45DD0422DE4C3B00EF77C9 /* LaunchScreen.storyboard */; };
		4D9F757B22E022E3007EFC98 /* ViewController2.swift in Sources */ = {isa = PBXBuildFile; fileRef = 4D9F757A22E022E3007EFC98 /* ViewController2.swift */; };
/* End PBXBuildFile section */

/* Begin PBXFileReference section */
		4D45DCF822DE4C3A00EF77C9 /* Rekkno.app */ = {isa = PBXFileReference; explicitFileType = wrapper.application; includeInIndex = 0; path = Rekkno.app; sourceTree = BUILT_PRODUCTS_DIR; };
		4D45DCFB22DE4C3A00EF77C9 /* AppDelegate.swift */ = {isa = PBXFileReference; lastKnownFileType = sourcecode.swift; path = AppDelegate.swift; sourceTree = "<group>"; };
		4D45DCFD22DE4C3A00EF77C9 /* ViewController.swift */ = {isa = PBXFileReference; lastKnownFileType = sourcecode.swift; path = ViewController.swift; sourceTree = "<group>"; };
		4D45DD0022DE4C3A00EF77C9 /* Base */ = {isa = PBXFileReference; lastKnownFileType = file.storyboard; name = Base; path = Base.lproj/Main.storyboard; sourceTree = "<group>"; };
		4D45DD0222DE4C3B00EF77C9 /* Assets.xcassets */ = {isa = PBXFileReference; lastKnownFileType = folder.assetcatalog; path = Assets.xcassets; sourceTree = "<group>"; };
		4D45DD0522DE4C3B00EF77C9 /* Base */ = {isa = PBXFileReference; lastKnownFileType = file.storyboard; name = Base; path = Base.lproj/LaunchScreen.storyboard; sourceTree = "<group>"; };
		4D45DD0722DE4C3B00EF77C9 /* Info.plist */ = {isa = PBXFileReference; lastKnownFileType = text.plist.xml; path = Info.plist; sourceTree = "<group>"; };
		4D9F757A22E022E3007EFC98 /* ViewController2.swift */ = {isa = PBXFileReference; lastKnownFileType = sourcecode.swift; path = ViewController2.swift; sourceTree = "<group>"; };
/* End PBXFileReference section */

/* Begin PBXFrameworksBuildPhase section */
		4D45DCF522DE4C3A00EF77C9 /* Frameworks */ = {
			isa = PBXFrameworksBuildPhase;
			buildActionMask = 2147483647;
			files = (
			);
			runOnlyForDeploymentPostprocessing = 0;
		};
/* End PBXFrameworksBuildPhase section */

/* Begin PBXGroup section */
		4D45DCEF22DE4C3A00EF77C9 = {
			isa = PBXGroup;
			children = (
				4D45DCFA22DE4C3A00EF77C9 /* RekknoApp */,
				4D45DCF922DE4C3A00EF77C9 /* Products */,
			);
			sourceTree = "<group>";
		};
		4D45DCF922DE4C3A00EF77C9 /* Products */ = {
			isa = PBXGroup;
			children = (
				4D45DCF822DE4C3A00EF77C9 /* Rekkno.app */,
			);
			name = Products;
			sourceTree = "<group>";
		};
		4D45DCFA22DE4C3A00EF77C9 /* RekknoApp */ = {
			isa = PBXGroup;
			children = (
				4D45DCFB22DE4C3A00EF77C9 /* AppDelegate.swift */,
				4D45DCFD22DE4C3A00EF77C9 /* ViewController.swift */,
				4D45DCFF22DE4C3A00EF77C9 /* Main.storyboard */,
				4D45DD0222DE4C3B00EF77C9 /* Assets.xcassets */,
				4D45DD0422DE4C3B00EF77C9 /* LaunchScreen.storyboard */,
				4D45DD0722DE4C3B00EF77C9 /* Info.plist */,
				4D9F757A22E022E3007EFC98 /* ViewController2.swift */,
			);
			path = RekknoApp;
			sourceTree = "<group>";
		};
/* End PBXGroup section */

/* Begin PBXNativeTarget section */
		4D45DCF722DE4C3A00EF77C9 /* Rekkno */ = {
			isa = PBXNativeTarget;
			buildConfigurationList = 4D45DD0A22DE4C3B00EF77C9 /* Build configuration list for PBXNativeTarget "Rekkno" */;
			buildPhases = (
				4D45DCF422DE4C3A00EF77C9 /* Sources */,
				4D45DCF522DE4C3A00EF77C9 /* Frameworks */,
				4D45DCF622DE4C3A00EF77C9 /* Resources */,
			);
			buildRules = (
			);
			dependencies = (
			);
			name = Rekkno;
			productName = RekknoApp;
			productReference = 4D45DCF822DE4C3A00EF77C9 /* Rekkno.app */;
			productType = "com.apple.product-type.application";
		};
/* End PBXNativeTarget section */

/* Begin PBXProject section */
		4D45DCF022DE4C3A00EF77C9 /* Project object */ = {
			isa = PBXProject;
			attributes = {
				LastSwiftUpdateCheck = 1020;
				LastUpgradeCheck = 1020;
				ORGANIZATIONNAME = Rekkno;
				TargetAttributes = {
					4D45DCF722DE4C3A00EF77C9 = {
						CreatedOnToolsVersion = 10.2.1;
					};
				};
			};
			buildConfigurationList = 4D45DCF322DE4C3A00EF77C9 /* Build configuration list for PBXProject "Rekkno" */;
			compatibilityVersion = "Xcode 9.3";
			developmentRegion = en;
			hasScannedForEncodings = 0;
			knownRegions = (
				en,
				Base,
			);
			mainGroup = 4D45DCEF22DE4C3A00EF77C9;
			productRefGroup = 4D45DCF922DE4C3A00EF77C9 /* Products */;
			projectDirPath = "";
			projectRoot = "";
			targets = (
				4D45DCF722DE4C3A00EF77C9 /* Rekkno */,
			);
		};
/* End PBXProject section */

/* Begin PBXResourcesBuildPhase section */
		4D45DCF622DE4C3A00EF77C9 /* Resources */ = {
			isa = PBXResourcesBuildPhase;
			buildActionMask = 2147483647;
			files = (
				4D45DD0622DE4C3B00EF77C9 /* LaunchScreen.storyboard in Resources */,
				4D45DD0322DE4C3B00EF77C9 /* Assets.xcassets in Resources */,
				4D45DD0122DE4C3A00EF77C9 /* Main.storyboard in Resources */,
			);
			runOnlyForDeploymentPostprocessing = 0;
		};
/* End PBXResourcesBuildPhase section */

/* Begin PBXSourcesBuildPhase section */
		4D45DCF422DE4C3A00EF77C9 /* Sources */ = {
			isa = PBXSourcesBuildPhase;
			buildActionMask = 2147483647;
			files = (
				4D45DCFE22DE4C3A00EF77C9 /* ViewController.swift in Sources */,
				4D45DCFC22DE4C3A00EF77C9 /* AppDelegate.swift in Sources */,
				4D9F757B22E022E3007EFC98 /* ViewController2.swift in Sources */,
			);
			runOnlyForDeploymentPostprocessing = 0;
		};
/* End PBXSourcesBuildPhase section */

/* Begin PBXVariantGroup section */
		4D45DCFF22DE4C3A00EF77C9 /* Main.storyboard */ = {
			isa = PBXVariantGroup;
			children = (
				4D45DD0022DE4C3A00EF77C9 /* Base */,
			);
			name = Main.storyboard;
			sourceTree = "<group>";
		};
		4D45DD0422DE4C3B00EF77C9 /* LaunchScreen.storyboard */ = {
			isa = PBXVariantGroup;
			children = (
				4D45DD0522DE4C3B00EF77C9 /* Base */,
			);
			name = LaunchScreen.storyboard;
			sourceTree = "<group>";
		};
/* End PBXVariantGroup section */

/* Begin XCBuildConfiguration section */
		4D45DD0822DE4C3B00EF77C9 /* Debug */ = {
			isa = XCBuildConfiguration;
			buildSettings = {
				ALWAYS_SEARCH_USER_PATHS = NO;
				CLANG_ANALYZER_NONNULL = YES;
				CLANG_ANALYZER_NUMBER_OBJECT_CONVERSION = YES_AGGRESSIVE;
				CLANG_CXX_LANGUAGE_STANDARD = "gnu++14";
				CLANG_CXX_LIBRARY = "libc++";
				CLANG_ENABLE_MODULES = YES;
				CLANG_ENABLE_OBJC_ARC = YES;
				CLANG_ENABLE_OBJC_WEAK = YES;
				CLANG_WARN_BLOCK_CAPTURE_AUTORELEASING = YES;
				CLANG_WARN_BOOL_CONVERSION = YES;
				CLANG_WARN_COMMA = YES;
				CLANG_WARN_CONSTANT_CONVERSION = YES;
				CLANG_WARN_DEPRECATED_OBJC_IMPLEMENTATIONS = YES;
				CLANG_WARN_DIRECT_OBJC_ISA_USAGE = YES_ERROR;
				CLANG_WARN_DOCUMENTATION_COMMENTS = YES;
				CLANG_WARN_EMPTY_BODY = YES;
				CLANG_WARN_ENUM_CONVERSION = YES;
				CLANG_WARN_INFINITE_RECURSION = YES;
				CLANG_WARN_INT_CONVERSION = YES;
				CLANG_WARN_NON_LITERAL_NULL_CONVERSION = YES;
				CLANG_WARN_OBJC_IMPLICIT_RETAIN_SELF = YES;
				CLANG_WARN_OBJC_LITERAL_CONVERSION = YES;
				CLANG_WARN_OBJC_ROOT_CLASS = YES_ERROR;
				CLANG_WARN_RANGE_LOOP_ANALYSIS = YES;
				CLANG_WARN_STRICT_PROTOTYPES = YES;
				CLANG_WARN_SUSPICIOUS_MOVE = YES;
				CLANG_WARN_UNGUARDED_AVAILABILITY = YES_AGGRESSIVE;
				CLANG_WARN_UNREACHABLE_CODE = YES;
				CLANG_WARN__DUPLICATE_METHOD_MATCH = YES;
				CODE_SIGN_IDENTITY = "iPhone Developer";
				COPY_PHASE_STRIP = NO;
				DEBUG_INFORMATION_FORMAT = dwarf;
				ENABLE_STRICT_OBJC_MSGSEND = YES;
				ENABLE_TESTABILITY = YES;
				GCC_C_LANGUAGE_STANDARD = gnu11;
				GCC_DYNAMIC_NO_PIC = NO;
				GCC_NO_COMMON_BLOCKS = YES;
				GCC_OPTIMIZATION_LEVEL = 0;
				GCC_PREPROCESSOR_DEFINITIONS = (
					"DEBUG=1",
					"$(inherited)",
				);
				GCC_WARN_64_TO_32_BIT_CONVERSION = YES;
				GCC_WARN_ABOUT_RETURN_TYPE = YES_ERROR;
				GCC_WARN_UNDECLARED_SELECTOR = YES;
				GCC_WARN_UNINITIALIZED_AUTOS = YES_AGGRESSIVE;
				GCC_WARN_UNUSED_FUNCTION = YES;
				GCC_WARN_UNUSED_VARIABLE = YES;
				IPHONEOS_DEPLOYMENT_TARGET = 12.2;
				MTL_ENABLE_DEBUG_INFO = INCLUDE_SOURCE;
				MTL_FAST_MATH = YES;
				ONLY_ACTIVE_ARCH = YES;
				SDKROOT = iphoneos;
				SWIFT_ACTIVE_COMPILATION_CONDITIONS = DEBUG;
				SWIFT_OPTIMIZATION_LEVEL = "-Onone";
			};
			name = Debug;
		};
		4D45DD0922DE4C3B00EF77C9 /* Release */ = {
			isa = XCBuildConfiguration;
			buildSettings = {
				ALWAYS_SEARCH_USER_PATHS = NO;
				CLANG_ANALYZER_NONNULL = YES;
				CLANG_ANALYZER_NUMBER_OBJECT_CONVERSION = YES_AGGRESSIVE;
				CLANG_CXX_LANGUAGE_STANDARD = "gnu++14";
				CLANG_CXX_LIBRARY = "libc++";
				CLANG_ENABLE_MODULES = YES;
				CLANG_ENABLE_OBJC_ARC = YES;
				CLANG_ENABLE_OBJC_WEAK = YES;
				CLANG_WARN_BLOCK_CAPTURE_AUTORELEASING = YES;
				CLANG_WARN_BOOL_CONVERSION = YES;
				CLANG_WARN_COMMA = YES;
				CLANG_WARN_CONSTANT_CONVERSION = YES;
				CLANG_WARN_DEPRECATED_OBJC_IMPLEMENTATIONS = YES;
				CLANG_WARN_DIRECT_OBJC_ISA_USAGE = YES_ERROR;
				CLANG_WARN_DOCUMENTATION_COMMENTS = YES;
				CLANG_WARN_EMPTY_BODY = YES;
				CLANG_WARN_ENUM_CONVERSION = YES;
				CLANG_WARN_INFINITE_RECURSION = YES;
				CLANG_WARN_INT_CONVERSION = YES;
				CLANG_WARN_NON_LITERAL_NULL_CONVERSION = YES;
				CLANG_WARN_OBJC_IMPLICIT_RETAIN_SELF = YES;
				CLANG_WARN_OBJC_LITERAL_CONVERSION = YES;
				CLANG_WARN_OBJC_ROOT_CLASS = YES_ERROR;
				CLANG_WARN_RANGE_LOOP_ANALYSIS = YES;
				CLANG_WARN_STRICT_PROTOTYPES = YES;
				CLANG_WARN_SUSPICIOUS_MOVE = YES;
				CLANG_WARN_UNGUARDED_AVAILABILITY = YES_AGGRESSIVE;
				CLANG_WARN_UNREACHABLE_CODE = YES;
				CLANG_WARN__DUPLICATE_METHOD_MATCH = YES;
				CODE_SIGN_IDENTITY = "iPhone Developer";
				COPY_PHASE_STRIP = NO;
				DEBUG_INFORMATION_FORMAT = "dwarf-with-dsym";
				ENABLE_NS_ASSERTIONS = NO;
				ENABLE_STRICT_OBJC_MSGSEND = YES;
				GCC_C_LANGUAGE_STANDARD = gnu11;
				GCC_NO_COMMON_BLOCKS = YES;
				GCC_WARN_64_TO_32_BIT_CONVERSION = YES;
				GCC_WARN_ABOUT_RETURN_TYPE = YES_ERROR;
				GCC_WARN_UNDECLARED_SELECTOR = YES;
				GCC_WARN_UNINITIALIZED_AUTOS = YES_AGGRESSIVE;
				GCC_WARN_UNUSED_FUNCTION = YES;
				GCC_WARN_UNUSED_VARIABLE = YES;
				IPHONEOS_DEPLOYMENT_TARGET = 12.2;
				MTL_ENABLE_DEBUG_INFO = NO;
				MTL_FAST_MATH = YES;
				SDKROOT = iphoneos;
				SWIFT_COMPILATION_MODE = wholemodule;
				SWIFT_OPTIMIZATION_LEVEL = "-O";
				VALIDATE_PRODUCT = YES;
			};
			name = Release;
		};
		4D45DD0B22DE4C3B00EF77C9 /* Debug */ = {
			isa = XCBuildConfiguration;
			buildSettings = {
				ASSETCATALOG_COMPILER_APPICON_NAME = AppIcon;
				CODE_SIGN_STYLE = Automatic;
				DEVELOPMENT_TEAM = N98S7NCFDZ;
				INFOPLIST_FILE = RekknoApp/Info.plist;
				LD_RUNPATH_SEARCH_PATHS = (
					"$(inherited)",
					"@executable_path/Frameworks",
				);
				PRODUCT_BUNDLE_IDENTIFIER = com.rekkno.RekknoApp;
				PRODUCT_NAME = "$(TARGET_NAME)";
				SWIFT_VERSION = 5.0;
				TARGETED_DEVICE_FAMILY = "1,2";
			};
			name = Debug;
		};
		4D45DD0C22DE4C3B00EF77C9 /* Release */ = {
			isa = XCBuildConfiguration;
			buildSettings = {
				ASSETCATALOG_COMPILER_APPICON_NAME = AppIcon;
				CODE_SIGN_STYLE = Automatic;
				DEVELOPMENT_TEAM = N98S7NCFDZ;
				INFOPLIST_FILE = RekknoApp/Info.plist;
				LD_RUNPATH_SEARCH_PATHS = (
					"$(inherited)",
					"@executable_path/Frameworks",
				);
				PRODUCT_BUNDLE_IDENTIFIER = com.rekkno.RekknoApp;
				PRODUCT_NAME = "$(TARGET_NAME)";
				SWIFT_VERSION = 5.0;
				TARGETED_DEVICE_FAMILY = "1,2";
			};
			name = Release;
		};
/* End XCBuildConfiguration section */

/* Begin XCConfigurationList section */
		4D45DCF322DE4C3A00EF77C9 /* Build configuration list for PBXProject "Rekkno" */ = {
			isa = XCConfigurationList;
			buildConfigurations = (
				4D45DD0822DE4C3B00EF77C9 /* Debug */,
				4D45DD0922DE4C3B00EF77C9 /* Release */,
			);
			defaultConfigurationIsVisible = 0;
			defaultConfigurationName = Release;
		};
		4D45DD0A22DE4C3B00EF77C9 /* Build configuration list for PBXNativeTarget "Rekkno" */ = {
			isa = XCConfigurationList;
			buildConfigurations = (
				4D45DD0B22DE4C3B00EF77C9 /* Debug */,
				4D45DD0C22DE4C3B00EF77C9 /* Release */,
			);
			defaultConfigurationIsVisible = 0;
			defaultConfigurationName = Release;
		};
/* End XCConfigurationList section */
	};
	rootObject = 4D45DCF022DE4C3A00EF77C9 /* Project object */;
}
